# This file is automatically @generated by Cargo.
# It is not intended for manual editing.
version = 4

[[package]]
name = "handson1"
version = "0.1.0"

[[package]]
name = "leet_is_bst"
version = "0.1.0"

[[package]]
name = "leet_level_order_traversal"
version = "0.1.0"

[[package]]
name = "leet_max_path_tree"
version = "0.1.0"
